// !$*UTF8*$!
{
	archiveVersion = 1;
	classes = {
	};
	objectVersion = 46;
	objects = {

/* Begin PBXBuildFile section */
		4F899C071EB5592D00B792BA /* AppDelegate.swift in Sources */ = {isa = PBXBuildFile; fileRef = 4F899C061EB5592D00B792BA /* AppDelegate.swift */; };
		4F899C091EB5592D00B792BA /* ViewController.swift in Sources */ = {isa = PBXBuildFile; fileRef = 4F899C081EB5592D00B792BA /* ViewController.swift */; };
		4F899C0C1EB5592D00B792BA /* Main.storyboard in Resources */ = {isa = PBXBuildFile; fileRef = 4F899C0A1EB5592D00B792BA /* Main.storyboard */; };
		4F899C0E1EB5592D00B792BA /* Assets.xcassets in Resources */ = {isa = PBXBuildFile; fileRef = 4F899C0D1EB5592D00B792BA /* Assets.xcassets */; };
		4F899C111EB5592D00B792BA /* LaunchScreen.storyboard in Resources */ = {isa = PBXBuildFile; fileRef = 4F899C0F1EB5592D00B792BA /* LaunchScreen.storyboard */; };
/* End PBXBuildFile section */

/* Begin PBXFileReference section */
		4F899C031EB5592D00B792BA /* memrees.app */ = {isa = PBXFileReference; explicitFileType = wrapper.application; includeInIndex = 0; path = memrees.app; sourceTree = BUILT_PRODUCTS_DIR; };
		4F899C061EB5592D00B792BA /* AppDelegate.swift */ = {isa = PBXFileReference; lastKnownFileType = sourcecode.swift; path = AppDelegate.swift; sourceTree = "<group>"; };
		4F899C081EB5592D00B792BA /* ViewController.swift */ = {isa = PBXFileReference; lastKnownFileType = sourcecode.swift; path = ViewController.swift; sourceTree = "<group>"; };
		4F899C0B1EB5592D00B792BA /* Base */ = {isa = PBXFileReference; lastKnownFileType = file.storyboard; name = Base; path = Base.lproj/Main.storyboard; sourceTree = "<group>"; };
		4F899C0D1EB5592D00B792BA /* Assets.xcassets */ = {isa = PBXFileReference; lastKnownFileType = folder.assetcatalog; path = Assets.xcassets; sourceTree = "<group>"; };
		4F899C101EB5592D00B792BA /* Base */ = {isa = PBXFileReference; lastKnownFileType = file.storyboard; name = Base; path = Base.lproj/LaunchScreen.storyboard; sourceTree = "<group>"; };
		4F899C121EB5592D00B792BA /* Info.plist */ = {isa = PBXFileReference; lastKnownFileType = text.plist.xml; path = Info.plist; sourceTree = "<group>"; };
/* End PBXFileReference section */

/* Begin PBXFrameworksBuildPhase section */
		4F899C001EB5592D00B792BA /* Frameworks */ = {
			isa = PBXFrameworksBuildPhase;
			buildActionMask = 2147483647;
			files = (
			);
			runOnlyForDeploymentPostprocessing = 0;
		};
/* End PBXFrameworksBuildPhase section */

/* Begin PBXGroup section */
		4F899BFA1EB5592D00B792BA = {
			isa = PBXGroup;
			children = (
				4F899C051EB5592D00B792BA /* memrees */,
				4F899C041EB5592D00B792BA /* Products */,
			);
			sourceTree = "<group>";
		};
		4F899C041EB5592D00B792BA /* Products */ = {
			isa = PBXGroup;
			children = (
				4F899C031EB5592D00B792BA /* memrees.app */,
			);
			name = Products;
			sourceTree = "<group>";
		};
		4F899C051EB5592D00B792BA /* memrees */ = {
			isa = PBXGroup;
			children = (
				4F899C061EB5592D00B792BA /* AppDelegate.swift */,
				4F899C081EB5592D00B792BA /* ViewController.swift */,
				4F899C0A1EB5592D00B792BA /* Main.storyboard */,
				4F899C0D1EB5592D00B792BA /* Assets.xcassets */,
				4F899C0F1EB5592D00B792BA /* LaunchScreen.storyboard */,
				4F899C121EB5592D00B792BA /* Info.plist */,
			);
			path = memrees;
			sourceTree = "<group>";
		};
/* End PBXGroup section */

/* Begin PBXNativeTarget section */
		4F899C021EB5592D00B792BA /* memrees */ = {
			isa = PBXNativeTarget;
			buildConfigurationList = 4F899C151EB5592D00B792BA /* Build configuration list for PBXNativeTarget "memrees" */;
			buildPhases = (
				4F899BFF1EB5592D00B792BA /* Sources */,
				4F899C001EB5592D00B792BA /* Frameworks */,
				4F899C011EB5592D00B792BA /* Resources */,
			);
			buildRules = (
			);
			dependencies = (
			);
			name = memrees;
			productName = memrees;
			productReference = 4F899C031EB5592D00B792BA /* memrees.app */;
			productType = "com.apple.product-type.application";
		};
/* End PBXNativeTarget section */

/* Begin PBXProject section */
		4F899BFB1EB5592D00B792BA /* Project object */ = {
			isa = PBXProject;
			attributes = {
				LastSwiftUpdateCheck = 0830;
				LastUpgradeCheck = 0830;
				ORGANIZATIONNAME = "Paul Defilippi";
				TargetAttributes = {
					4F899C021EB5592D00B792BA = {
						CreatedOnToolsVersion = 8.3.1;
						DevelopmentTeam = 963UXK3MCT;
						ProvisioningStyle = Automatic;
					};
				};
			};
			buildConfigurationList = 4F899BFE1EB5592D00B792BA /* Build configuration list for PBXProject "memrees" */;
			compatibilityVersion = "Xcode 3.2";
			developmentRegion = English;
			hasScannedForEncodings = 0;
			knownRegions = (
				en,
				Base,
			);
			mainGroup = 4F899BFA1EB5592D00B792BA;
			productRefGroup = 4F899C041EB5592D00B792BA /* Products */;
			projectDirPath = "";
			projectRoot = "";
			targets = (
				4F899C021EB5592D00B792BA /* memrees */,
			);
		};
/* End PBXProject section */

/* Begin PBXResourcesBuildPhase section */
		4F899C011EB5592D00B792BA /* Resources */ = {
			isa = PBXResourcesBuildPhase;
			buildActionMask = 2147483647;
			files = (
				4F899C111EB5592D00B792BA /* LaunchScreen.storyboard in Resources */,
				4F899C0E1EB5592D00B792BA /* Assets.xcassets in Resources */,
				4F899C0C1EB5592D00B792BA /* Main.storyboard in Resources */,
			);
			runOnlyForDeploymentPostprocessing = 0;
		};
/* End PBXResourcesBuildPhase section */

/* Begin PBXSourcesBuildPhase section */
		4F899BFF1EB5592D00B792BA /* Sources */ = {
			isa = PBXSourcesBuildPhase;
			buildActionMask = 2147483647;
			files = (
				4F899C091EB5592D00B792BA /* ViewController.swift in Sources */,
				4F899C071EB5592D00B792BA /* AppDelegate.swift in Sources */,
			);
			runOnlyForDeploymentPostprocessing = 0;
		};
/* End PBXSourcesBuildPhase section */

/* Begin PBXVariantGroup section */
		4F899C0A1EB5592D00B792BA /* Main.storyboard */ = {
			isa = PBXVariantGroup;
			children = (
				4F899C0B1EB5592D00B792BA /* Base */,
			);
			name = Main.storyboard;
			sourceTree = "<group>";
		};
		4F899C0F1EB5592D00B792BA /* LaunchScreen.storyboard */ = {
			isa = PBXVariantGroup;
			children = (
				4F899C101EB5592D00B792BA /* Base */,
			);
			name = LaunchScreen.storyboard;
			sourceTree = "<group>";
		};
/* End PBXVariantGroup section */

/* Begin XCBuildConfiguration section */
		4F899C131EB5592D00B792BA /* Debug */ = {
			isa = XCBuildConfiguration;
			buildSettings = {
				ALWAYS_SEARCH_USER_PATHS = NO;
				CLANG_ANALYZER_NONNULL = YES;
				CLANG_ANALYZER_NUMBER_OBJECT_CONVERSION = YES_AGGRESSIVE;
				CLANG_CXX_LANGUAGE_STANDARD = "gnu++0x";
				CLANG_CXX_LIBRARY = "libc++";
				CLANG_ENABLE_MODULES = YES;
				CLANG_ENABLE_OBJC_ARC = YES;
				CLANG_WARN_BOOL_CONVERSION = YES;
				CLANG_WARN_CONSTANT_CONVERSION = YES;
				CLANG_WARN_DIRECT_OBJC_ISA_USAGE = YES_ERROR;
				CLANG_WARN_DOCUMENTATION_COMMENTS = YES;
				CLANG_WARN_EMPTY_BODY = YES;
				CLANG_WARN_ENUM_CONVERSION = YES;
				CLANG_WARN_INFINITE_RECURSION = YES;
				CLANG_WARN_INT_CONVERSION = YES;
				CLANG_WARN_OBJC_ROOT_CLASS = YES_ERROR;
				CLANG_WARN_SUSPICIOUS_MOVE = YES;
				CLANG_WARN_UNREACHABLE_CODE = YES;
				CLANG_WARN__DUPLICATE_METHOD_MATCH = YES;
				"CODE_SIGN_IDENTITY[sdk=iphoneos*]" = "iPhone Developer";
				COPY_PHASE_STRIP = NO;
				DEBUG_INFORMATION_FORMAT = dwarf;
				ENABLE_STRICT_OBJC_MSGSEND = YES;
				ENABLE_TESTABILITY = YES;
				GCC_C_LANGUAGE_STANDARD = gnu99;
				GCC_DYNAMIC_NO_PIC = NO;
				GCC_NO_COMMON_BLOCKS = YES;
				GCC_OPTIMIZATION_LEVEL = 0;
				GCC_PREPROCESSOR_DEFINITIONS = (
					"DEBUG=1",
					"$(inherited)",
				);
				GCC_WARN_64_TO_32_BIT_CONVERSION = YES;
				GCC_WARN_ABOUT_RETURN_TYPE = YES_ERROR;
				GCC_WARN_UNDECLARED_SELECTOR = YES;
				GCC_WARN_UNINITIALIZED_AUTOS = YES_AGGRESSIVE;
				GCC_WARN_UNUSED_FUNCTION = YES;
				GCC_WARN_UNUSED_VARIABLE = YES;
				IPHONEOS_DEPLOYMENT_TARGET = 10.3;
				MTL_ENABLE_DEBUG_INFO = YES;
				ONLY_ACTIVE_ARCH = YES;
				SDKROOT = iphoneos;
				SWIFT_ACTIVE_COMPILATION_CONDITIONS = DEBUG;
				SWIFT_OPTIMIZATION_LEVEL = "-Onone";
				TARGETED_DEVICE_FAMILY = "1,2";
			};
			name = Debug;
		};
		4F899C141EB5592D00B792BA /* Release */ = {
			isa = XCBuildConfiguration;
			buildSettings = {
				ALWAYS_SEARCH_USER_PATHS = NO;
				CLANG_ANALYZER_NONNULL = YES;
				CLANG_ANALYZER_NUMBER_OBJECT_CONVERSION = YES_AGGRESSIVE;
				CLANG_CXX_LANGUAGE_STANDARD = "gnu++0x";
				CLANG_CXX_LIBRARY = "libc++";
				CLANG_ENABLE_MODULES = YES;
				CLANG_ENABLE_OBJC_ARC = YES;
				CLANG_WARN_BOOL_CONVERSION = YES;
				CLANG_WARN_CONSTANT_CONVERSION = YES;
				CLANG_WARN_DIRECT_OBJC_ISA_USAGE = YES_ERROR;
				CLANG_WARN_DOCUMENTATION_COMMENTS = YES;
				CLANG_WARN_EMPTY_BODY = YES;
				CLANG_WARN_ENUM_CONVERSION = YES;
				CLANG_WARN_INFINITE_RECURSION = YES;
				CLANG_WARN_INT_CONVERSION = YES;
				CLANG_WARN_OBJC_ROOT_CLASS = YES_ERROR;
				CLANG_WARN_SUSPICIOUS_MOVE = YES;
				CLANG_WARN_UNREACHABLE_CODE = YES;
				CLANG_WARN__DUPLICATE_METHOD_MATCH = YES;
				"CODE_SIGN_IDENTITY[sdk=iphoneos*]" = "iPhone Developer";
				COPY_PHASE_STRIP = NO;
				DEBUG_INFORMATION_FORMAT = "dwarf-with-dsym";
				ENABLE_NS_ASSERTIONS = NO;
				ENABLE_STRICT_OBJC_MSGSEND = YES;
				GCC_C_LANGUAGE_STANDARD = gnu99;
				GCC_NO_COMMON_BLOCKS = YES;
				GCC_WARN_64_TO_32_BIT_CONVERSION = YES;
				GCC_WARN_ABOUT_RETURN_TYPE = YES_ERROR;
				GCC_WARN_UNDECLARED_SELECTOR = YES;
				GCC_WARN_UNINITIALIZED_AUTOS = YES_AGGRESSIVE;
				GCC_WARN_UNUSED_FUNCTION = YES;
				GCC_WARN_UNUSED_VARIABLE = YES;
				IPHONEOS_DEPLOYMENT_TARGET = 10.3;
				MTL_ENABLE_DEBUG_INFO = NO;
				SDKROOT = iphoneos;
				SWIFT_OPTIMIZATION_LEVEL = "-Owholemodule";
				TARGETED_DEVICE_FAMILY = "1,2";
				VALIDATE_PRODUCT = YES;
			};
			name = Release;
		};
		4F899C161EB5592D00B792BA /* Debug */ = {
			isa = XCBuildConfiguration;
			buildSettings = {
				ASSETCATALOG_COMPILER_APPICON_NAME = AppIcon;
				DEVELOPMENT_TEAM = 963UXK3MCT;
				INFOPLIST_FILE = memrees/Info.plist;
				LD_RUNPATH_SEARCH_PATHS = "$(inherited) @executable_path/Frameworks";
				PRODUCT_BUNDLE_IDENTIFIER = "Paul-DeFilippi.memrees";
				PRODUCT_NAME = "$(TARGET_NAME)";
				SWIFT_VERSION = 3.0;
			};
			name = Debug;
		};
		4F899C171EB5592D00B792BA /* Release */ = {
			isa = XCBuildConfiguration;
			buildSettings = {
				ASSETCATALOG_COMPILER_APPICON_NAME = AppIcon;
				DEVELOPMENT_TEAM = 963UXK3MCT;
				INFOPLIST_FILE = memrees/Info.plist;
				LD_RUNPATH_SEARCH_PATHS = "$(inherited) @executable_path/Frameworks";
				PRODUCT_BUNDLE_IDENTIFIER = "Paul-DeFilippi.memrees";
				PRODUCT_NAME = "$(TARGET_NAME)";
				SWIFT_VERSION = 3.0;
			};
			name = Release;
		};
/* End XCBuildConfiguration section */

/* Begin XCConfigurationList section */
		4F899BFE1EB5592D00B792BA /* Build configuration list for PBXProject "memrees" */ = {
			isa = XCConfigurationList;
			buildConfigurations = (
				4F899C131EB5592D00B792BA /* Debug */,
				4F899C141EB5592D00B792BA /* Release */,
			);
			defaultConfigurationIsVisible = 0;
			defaultConfigurationName = Release;
		};
		4F899C151EB5592D00B792BA /* Build configuration list for PBXNativeTarget "memrees" */ = {
			isa = XCConfigurationList;
			buildConfigurations = (
				4F899C161EB5592D00B792BA /* Debug */,
				4F899C171EB5592D00B792BA /* Release */,
			);
			defaultConfigurationIsVisible = 0;
		};
/* End XCConfigurationList section */
	};
	rootObject = 4F899BFB1EB5592D00B792BA /* Project object */;
}
